// !$*UTF8*$!
{
	archiveVersion = 1;
	classes = {
	};
	objectVersion = 46;
	objects = {

/* Begin PBXBuildFile section */
		311D37781C570ABD000F871A /* main.m in Sources */ = {isa = PBXBuildFile; fileRef = 311D37771C570ABD000F871A /* main.m */; };
		311D377B1C570ABD000F871A /* AppDelegate.m in Sources */ = {isa = PBXBuildFile; fileRef = 311D377A1C570ABD000F871A /* AppDelegate.m */; };
		311D377E1C570ABD000F871A /* MasterViewController.m in Sources */ = {isa = PBXBuildFile; fileRef = 311D377D1C570ABD000F871A /* MasterViewController.m */; };
		311D37811C570ABD000F871A /* DetailViewController.m in Sources */ = {isa = PBXBuildFile; fileRef = 311D37801C570ABD000F871A /* DetailViewController.m */; };
		311D37841C570ABD000F871A /* Main.storyboard in Resources */ = {isa = PBXBuildFile; fileRef = 311D37821C570ABD000F871A /* Main.storyboard */; };
		311D37861C570ABD000F871A /* Assets.xcassets in Resources */ = {isa = PBXBuildFile; fileRef = 311D37851C570ABD000F871A /* Assets.xcassets */; };
		311D37891C570ABD000F871A /* LaunchScreen.storyboard in Resources */ = {isa = PBXBuildFile; fileRef = 311D37871C570ABD000F871A /* LaunchScreen.storyboard */; };
		311D37931C570B17000F871A /* WFWaterFlowLayout.m in Sources */ = {isa = PBXBuildFile; fileRef = 311D37921C570B17000F871A /* WFWaterFlowLayout.m */; };
/* End PBXBuildFile section */

/* Begin PBXFileReference section */
		311D37731C570ABD000F871A /* WaterFlowDemo.app */ = {isa = PBXFileReference; explicitFileType = wrapper.application; includeInIndex = 0; path = WaterFlowDemo.app; sourceTree = BUILT_PRODUCTS_DIR; };
		311D37771C570ABD000F871A /* main.m */ = {isa = PBXFileReference; lastKnownFileType = sourcecode.c.objc; path = main.m; sourceTree = "<group>"; };
		311D37791C570ABD000F871A /* AppDelegate.h */ = {isa = PBXFileReference; lastKnownFileType = sourcecode.c.h; path = AppDelegate.h; sourceTree = "<group>"; };
		311D377A1C570ABD000F871A /* AppDelegate.m */ = {isa = PBXFileReference; lastKnownFileType = sourcecode.c.objc; path = AppDelegate.m; sourceTree = "<group>"; };
		311D377C1C570ABD000F871A /* MasterViewController.h */ = {isa = PBXFileReference; lastKnownFileType = sourcecode.c.h; path = MasterViewController.h; sourceTree = "<group>"; };
		311D377D1C570ABD000F871A /* MasterViewController.m */ = {isa = PBXFileReference; lastKnownFileType = sourcecode.c.objc; path = MasterViewController.m; sourceTree = "<group>"; };
		311D377F1C570ABD000F871A /* DetailViewController.h */ = {isa = PBXFileReference; lastKnownFileType = sourcecode.c.h; path = DetailViewController.h; sourceTree = "<group>"; };
		311D37801C570ABD000F871A /* DetailViewController.m */ = {isa = PBXFileReference; lastKnownFileType = sourcecode.c.objc; path = DetailViewController.m; sourceTree = "<group>"; };
		311D37831C570ABD000F871A /* Base */ = {isa = PBXFileReference; lastKnownFileType = file.storyboard; name = Base; path = Base.lproj/Main.storyboard; sourceTree = "<group>"; };
		311D37851C570ABD000F871A /* Assets.xcassets */ = {isa = PBXFileReference; lastKnownFileType = folder.assetcatalog; path = Assets.xcassets; sourceTree = "<group>"; };
		311D37881C570ABD000F871A /* Base */ = {isa = PBXFileReference; lastKnownFileType = file.storyboard; name = Base; path = Base.lproj/LaunchScreen.storyboard; sourceTree = "<group>"; };
		311D378A1C570ABD000F871A /* Info.plist */ = {isa = PBXFileReference; lastKnownFileType = text.plist.xml; path = Info.plist; sourceTree = "<group>"; };
		311D37911C570B17000F871A /* WFWaterFlowLayout.h */ = {isa = PBXFileReference; fileEncoding = 4; lastKnownFileType = sourcecode.c.h; path = WFWaterFlowLayout.h; sourceTree = "<group>"; };
		311D37921C570B17000F871A /* WFWaterFlowLayout.m */ = {isa = PBXFileReference; fileEncoding = 4; lastKnownFileType = sourcecode.c.objc; path = WFWaterFlowLayout.m; sourceTree = "<group>"; };
/* End PBXFileReference section */

/* Begin PBXFrameworksBuildPhase section */
		311D37701C570ABD000F871A /* Frameworks */ = {
			isa = PBXFrameworksBuildPhase;
			buildActionMask = 2147483647;
			files = (
			);
			runOnlyForDeploymentPostprocessing = 0;
		};
/* End PBXFrameworksBuildPhase section */

/* Begin PBXGroup section */
		311D376A1C570ABD000F871A = {
			isa = PBXGroup;
			children = (
				311D37901C570B17000F871A /* Class */,
				311D37751C570ABD000F871A /* WaterFlowDemo */,
				311D37741C570ABD000F871A /* Products */,
			);
			sourceTree = "<group>";
		};
		311D37741C570ABD000F871A /* Products */ = {
			isa = PBXGroup;
			children = (
				311D37731C570ABD000F871A /* WaterFlowDemo.app */,
			);
			name = Products;
			sourceTree = "<group>";
		};
		311D37751C570ABD000F871A /* WaterFlowDemo */ = {
			isa = PBXGroup;
			children = (
				311D37791C570ABD000F871A /* AppDelegate.h */,
				311D377A1C570ABD000F871A /* AppDelegate.m */,
				311D377C1C570ABD000F871A /* MasterViewController.h */,
				311D377D1C570ABD000F871A /* MasterViewController.m */,
				311D377F1C570ABD000F871A /* DetailViewController.h */,
				311D37801C570ABD000F871A /* DetailViewController.m */,
				311D37821C570ABD000F871A /* Main.storyboard */,
				311D37851C570ABD000F871A /* Assets.xcassets */,
				311D37871C570ABD000F871A /* LaunchScreen.storyboard */,
				311D378A1C570ABD000F871A /* Info.plist */,
				311D37761C570ABD000F871A /* Supporting Files */,
			);
			path = WaterFlowDemo;
			sourceTree = "<group>";
		};
		311D37761C570ABD000F871A /* Supporting Files */ = {
			isa = PBXGroup;
			children = (
				311D37771C570ABD000F871A /* main.m */,
			);
			name = "Supporting Files";
			sourceTree = "<group>";
		};
		311D37901C570B17000F871A /* Class */ = {
			isa = PBXGroup;
			children = (
				311D37911C570B17000F871A /* WFWaterFlowLayout.h */,
				311D37921C570B17000F871A /* WFWaterFlowLayout.m */,
			);
			path = Class;
			sourceTree = "<group>";
		};
/* End PBXGroup section */

/* Begin PBXNativeTarget section */
		311D37721C570ABD000F871A /* WaterFlowDemo */ = {
			isa = PBXNativeTarget;
			buildConfigurationList = 311D378D1C570ABD000F871A /* Build configuration list for PBXNativeTarget "WaterFlowDemo" */;
			buildPhases = (
				311D376F1C570ABD000F871A /* Sources */,
				311D37701C570ABD000F871A /* Frameworks */,
				311D37711C570ABD000F871A /* Resources */,
			);
			buildRules = (
			);
			dependencies = (
			);
			name = WaterFlowDemo;
			productName = WaterFlowDemo;
			productReference = 311D37731C570ABD000F871A /* WaterFlowDemo.app */;
			productType = "com.apple.product-type.application";
		};
/* End PBXNativeTarget section */

/* Begin PBXProject section */
		311D376B1C570ABD000F871A /* Project object */ = {
			isa = PBXProject;
			attributes = {
				LastUpgradeCheck = 0720;
				ORGANIZATIONNAME = yixiaoluo;
				TargetAttributes = {
					311D37721C570ABD000F871A = {
						CreatedOnToolsVersion = 7.2;
					};
				};
			};
			buildConfigurationList = 311D376E1C570ABD000F871A /* Build configuration list for PBXProject "WaterFlowDemo" */;
			compatibilityVersion = "Xcode 3.2";
			developmentRegion = English;
			hasScannedForEncodings = 0;
			knownRegions = (
				en,
				Base,
			);
			mainGroup = 311D376A1C570ABD000F871A;
			productRefGroup = 311D37741C570ABD000F871A /* Products */;
			projectDirPath = "";
			projectRoot = "";
			targets = (
				311D37721C570ABD000F871A /* WaterFlowDemo */,
			);
		};
/* End PBXProject section */

/* Begin PBXResourcesBuildPhase section */
		311D37711C570ABD000F871A /* Resources */ = {
			isa = PBXResourcesBuildPhase;
			buildActionMask = 2147483647;
			files = (
				311D37891C570ABD000F871A /* LaunchScreen.storyboard in Resources */,
				311D37861C570ABD000F871A /* Assets.xcassets in Resources */,
				311D37841C570ABD000F871A /* Main.storyboard in Resources */,
			);
			runOnlyForDeploymentPostprocessing = 0;
		};
/* End PBXResourcesBuildPhase section */

/* Begin PBXSourcesBuildPhase section */
		311D376F1C570ABD000F871A /* Sources */ = {
			isa = PBXSourcesBuildPhase;
			buildActionMask = 2147483647;
			files = (
				311D37931C570B17000F871A /* WFWaterFlowLayout.m in Sources */,
				311D377B1C570ABD000F871A /* AppDelegate.m in Sources */,
				311D377E1C570ABD000F871A /* MasterViewController.m in Sources */,
				311D37781C570ABD000F871A /* main.m in Sources */,
				311D37811C570ABD000F871A /* DetailViewController.m in Sources */,
			);
			runOnlyForDeploymentPostprocessing = 0;
		};
/* End PBXSourcesBuildPhase section */

/* Begin PBXVariantGroup section */
		311D37821C570ABD000F871A /* Main.storyboard */ = {
			isa = PBXVariantGroup;
			children = (
				311D37831C570ABD000F871A /* Base */,
			);
			name = Main.storyboard;
			sourceTree = "<group>";
		};
		311D37871C570ABD000F871A /* LaunchScreen.storyboard */ = {
			isa = PBXVariantGroup;
			children = (
				311D37881C570ABD000F871A /* Base */,
			);
			name = LaunchScreen.storyboard;
			sourceTree = "<group>";
		};
/* End PBXVariantGroup section */

/* Begin XCBuildConfiguration section */
		311D378B1C570ABD000F871A /* Debug */ = {
			isa = XCBuildConfiguration;
			buildSettings = {
				ALWAYS_SEARCH_USER_PATHS = NO;
				CLANG_CXX_LANGUAGE_STANDARD = "gnu++0x";
				CLANG_CXX_LIBRARY = "libc++";
				CLANG_ENABLE_MODULES = YES;
				CLANG_ENABLE_OBJC_ARC = YES;
				CLANG_WARN_BOOL_CONVERSION = YES;
				CLANG_WARN_CONSTANT_CONVERSION = YES;
				CLANG_WARN_DIRECT_OBJC_ISA_USAGE = YES_ERROR;
				CLANG_WARN_EMPTY_BODY = YES;
				CLANG_WARN_ENUM_CONVERSION = YES;
				CLANG_WARN_INT_CONVERSION = YES;
				CLANG_WARN_OBJC_ROOT_CLASS = YES_ERROR;
				CLANG_WARN_UNREACHABLE_CODE = YES;
				CLANG_WARN__DUPLICATE_METHOD_MATCH = YES;
				"CODE_SIGN_IDENTITY[sdk=iphoneos*]" = "iPhone Developer";
				COPY_PHASE_STRIP = NO;
				DEBUG_INFORMATION_FORMAT = dwarf;
				ENABLE_STRICT_OBJC_MSGSEND = YES;
				ENABLE_TESTABILITY = YES;
				GCC_C_LANGUAGE_STANDARD = gnu99;
				GCC_DYNAMIC_NO_PIC = NO;
				GCC_NO_COMMON_BLOCKS = YES;
				GCC_OPTIMIZATION_LEVEL = 0;
				GCC_PREPROCESSOR_DEFINITIONS = (
					"DEBUG=1",
					"$(inherited)",
				);
				GCC_WARN_64_TO_32_BIT_CONVERSION = YES;
				GCC_WARN_ABOUT_RETURN_TYPE = YES_ERROR;
				GCC_WARN_UNDECLARED_SELECTOR = YES;
				GCC_WARN_UNINITIALIZED_AUTOS = YES_AGGRESSIVE;
				GCC_WARN_UNUSED_FUNCTION = YES;
				GCC_WARN_UNUSED_VARIABLE = YES;
				IPHONEOS_DEPLOYMENT_TARGET = 9.2;
				MTL_ENABLE_DEBUG_INFO = YES;
				ONLY_ACTIVE_ARCH = YES;
				SDKROOT = iphoneos;
				TARGETED_DEVICE_FAMILY = "1,2";
			};
			name = Debug;
		};
		311D378C1C570ABD000F871A /* Release */ = {
			isa = XCBuildConfiguration;
			buildSettings = {
				ALWAYS_SEARCH_USER_PATHS = NO;
				CLANG_CXX_LANGUAGE_STANDARD = "gnu++0x";
				CLANG_CXX_LIBRARY = "libc++";
				CLANG_ENABLE_MODULES = YES;
				CLANG_ENABLE_OBJC_ARC = YES;
				CLANG_WARN_BOOL_CONVERSION = YES;
				CLANG_WARN_CONSTANT_CONVERSION = YES;
				CLANG_WARN_DIRECT_OBJC_ISA_USAGE = YES_ERROR;
				CLANG_WARN_EMPTY_BODY = YES;
				CLANG_WARN_ENUM_CONVERSION = YES;
				CLANG_WARN_INT_CONVERSION = YES;
				CLANG_WARN_OBJC_ROOT_CLASS = YES_ERROR;
				CLANG_WARN_UNREACHABLE_CODE = YES;
				CLANG_WARN__DUPLICATE_METHOD_MATCH = YES;
				"CODE_SIGN_IDENTITY[sdk=iphoneos*]" = "iPhone Developer";
				COPY_PHASE_STRIP = NO;
				DEBUG_INFORMATION_FORMAT = "dwarf-with-dsym";
				ENABLE_NS_ASSERTIONS = NO;
				ENABLE_STRICT_OBJC_MSGSEND = YES;
				GCC_C_LANGUAGE_STANDARD = gnu99;
				GCC_NO_COMMON_BLOCKS = YES;
				GCC_WARN_64_TO_32_BIT_CONVERSION = YES;
				GCC_WARN_ABOUT_RETURN_TYPE = YES_ERROR;
				GCC_WARN_UNDECLARED_SELECTOR = YES;
				GCC_WARN_UNINITIALIZED_AUTOS = YES_AGGRESSIVE;
				GCC_WARN_UNUSED_FUNCTION = YES;
				GCC_WARN_UNUSED_VARIABLE = YES;
				IPHONEOS_DEPLOYMENT_TARGET = 9.2;
				MTL_ENABLE_DEBUG_INFO = NO;
				SDKROOT = iphoneos;
				TARGETED_DEVICE_FAMILY = "1,2";
				VALIDATE_PRODUCT = YES;
			};
			name = Release;
		};
		311D378E1C570ABD000F871A /* Debug */ = {
			isa = XCBuildConfiguration;
			buildSettings = {
				ASSETCATALOG_COMPILER_APPICON_NAME = AppIcon;
				INFOPLIST_FILE = WaterFlowDemo/Info.plist;
				LD_RUNPATH_SEARCH_PATHS = "$(inherited) @executable_path/Frameworks";
				PRODUCT_BUNDLE_IDENTIFIER = WF.WaterFlowDemo;
				PRODUCT_NAME = "$(TARGET_NAME)";
			};
			name = Debug;
		};
		311D378F1C570ABD000F871A /* Release */ = {
			isa = XCBuildConfiguration;
			buildSettings = {
				ASSETCATALOG_COMPILER_APPICON_NAME = AppIcon;
				INFOPLIST_FILE = WaterFlowDemo/Info.plist;
				LD_RUNPATH_SEARCH_PATHS = "$(inherited) @executable_path/Frameworks";
				PRODUCT_BUNDLE_IDENTIFIER = WF.WaterFlowDemo;
				PRODUCT_NAME = "$(TARGET_NAME)";
			};
			name = Release;
		};
/* End XCBuildConfiguration section */

/* Begin XCConfigurationList section */
		311D376E1C570ABD000F871A /* Build configuration list for PBXProject "WaterFlowDemo" */ = {
			isa = XCConfigurationList;
			buildConfigurations = (
				311D378B1C570ABD000F871A /* Debug */,
				311D378C1C570ABD000F871A /* Release */,
			);
			defaultConfigurationIsVisible = 0;
			defaultConfigurationName = Release;
		};
		311D378D1C570ABD000F871A /* Build configuration list for PBXNativeTarget "WaterFlowDemo" */ = {
			isa = XCConfigurationList;
			buildConfigurations = (
				311D378E1C570ABD000F871A /* Debug */,
				311D378F1C570ABD000F871A /* Release */,
			);
			defaultConfigurationIsVisible = 0;
		};
/* End XCConfigurationList section */
	};
	rootObject = 311D376B1C570ABD000F871A /* Project object */;
}
