// !$*UTF8*$!
{
	archiveVersion = 1;
	classes = {
	};
	objectVersion = 46;
	objects = {

/* Begin PBXBuildFile section */
		3104253A1C5127F8007E3D81 /* main.m in Sources */ = {isa = PBXBuildFile; fileRef = 310425391C5127F8007E3D81 /* main.m */; };
		3104253D1C5127F8007E3D81 /* AppDelegate.m in Sources */ = {isa = PBXBuildFile; fileRef = 3104253C1C5127F8007E3D81 /* AppDelegate.m */; };
		310425401C5127F8007E3D81 /* MasterViewController.m in Sources */ = {isa = PBXBuildFile; fileRef = 3104253F1C5127F8007E3D81 /* MasterViewController.m */; };
		310425431C5127F8007E3D81 /* DetailViewController.m in Sources */ = {isa = PBXBuildFile; fileRef = 310425421C5127F8007E3D81 /* DetailViewController.m */; };
		310425461C5127F8007E3D81 /* Main.storyboard in Resources */ = {isa = PBXBuildFile; fileRef = 310425441C5127F8007E3D81 /* Main.storyboard */; };
		310425481C5127F8007E3D81 /* Assets.xcassets in Resources */ = {isa = PBXBuildFile; fileRef = 310425471C5127F8007E3D81 /* Assets.xcassets */; };
		3104254B1C5127F8007E3D81 /* LaunchScreen.storyboard in Resources */ = {isa = PBXBuildFile; fileRef = 310425491C5127F8007E3D81 /* LaunchScreen.storyboard */; };
		310425541C512CB9007E3D81 /* ASDCollectionViewCell.m in Sources */ = {isa = PBXBuildFile; fileRef = 310425531C512CB9007E3D81 /* ASDCollectionViewCell.m */; };
		310425571C512EA7007E3D81 /* ASDCollectionViewModel.m in Sources */ = {isa = PBXBuildFile; fileRef = 310425561C512EA7007E3D81 /* ASDCollectionViewModel.m */; };
		3104255A1C51DB44007E3D81 /* ASDWaterFlowLayout.m in Sources */ = {isa = PBXBuildFile; fileRef = 310425591C51DB44007E3D81 /* ASDWaterFlowLayout.m */; };
/* End PBXBuildFile section */

/* Begin PBXFileReference section */
		310425351C5127F8007E3D81 /* AsyncDisplayKitDemo.app */ = {isa = PBXFileReference; explicitFileType = wrapper.application; includeInIndex = 0; path = AsyncDisplayKitDemo.app; sourceTree = BUILT_PRODUCTS_DIR; };
		310425391C5127F8007E3D81 /* main.m */ = {isa = PBXFileReference; lastKnownFileType = sourcecode.c.objc; path = main.m; sourceTree = "<group>"; };
		3104253B1C5127F8007E3D81 /* AppDelegate.h */ = {isa = PBXFileReference; lastKnownFileType = sourcecode.c.h; path = AppDelegate.h; sourceTree = "<group>"; };
		3104253C1C5127F8007E3D81 /* AppDelegate.m */ = {isa = PBXFileReference; lastKnownFileType = sourcecode.c.objc; path = AppDelegate.m; sourceTree = "<group>"; };
		3104253E1C5127F8007E3D81 /* MasterViewController.h */ = {isa = PBXFileReference; lastKnownFileType = sourcecode.c.h; path = MasterViewController.h; sourceTree = "<group>"; };
		3104253F1C5127F8007E3D81 /* MasterViewController.m */ = {isa = PBXFileReference; lastKnownFileType = sourcecode.c.objc; path = MasterViewController.m; sourceTree = "<group>"; };
		310425411C5127F8007E3D81 /* DetailViewController.h */ = {isa = PBXFileReference; lastKnownFileType = sourcecode.c.h; path = DetailViewController.h; sourceTree = "<group>"; };
		310425421C5127F8007E3D81 /* DetailViewController.m */ = {isa = PBXFileReference; lastKnownFileType = sourcecode.c.objc; path = DetailViewController.m; sourceTree = "<group>"; };
		310425451C5127F8007E3D81 /* Base */ = {isa = PBXFileReference; lastKnownFileType = file.storyboard; name = Base; path = Base.lproj/Main.storyboard; sourceTree = "<group>"; };
		310425471C5127F8007E3D81 /* Assets.xcassets */ = {isa = PBXFileReference; lastKnownFileType = folder.assetcatalog; path = Assets.xcassets; sourceTree = "<group>"; };
		3104254A1C5127F8007E3D81 /* Base */ = {isa = PBXFileReference; lastKnownFileType = file.storyboard; name = Base; path = Base.lproj/LaunchScreen.storyboard; sourceTree = "<group>"; };
		3104254C1C5127F8007E3D81 /* Info.plist */ = {isa = PBXFileReference; lastKnownFileType = text.plist.xml; path = Info.plist; sourceTree = "<group>"; };
		310425521C512CB9007E3D81 /* ASDCollectionViewCell.h */ = {isa = PBXFileReference; fileEncoding = 4; lastKnownFileType = sourcecode.c.h; path = ASDCollectionViewCell.h; sourceTree = "<group>"; };
		310425531C512CB9007E3D81 /* ASDCollectionViewCell.m */ = {isa = PBXFileReference; fileEncoding = 4; lastKnownFileType = sourcecode.c.objc; path = ASDCollectionViewCell.m; sourceTree = "<group>"; };
		310425551C512EA7007E3D81 /* ASDCollectionViewModel.h */ = {isa = PBXFileReference; fileEncoding = 4; lastKnownFileType = sourcecode.c.h; path = ASDCollectionViewModel.h; sourceTree = "<group>"; };
		310425561C512EA7007E3D81 /* ASDCollectionViewModel.m */ = {isa = PBXFileReference; fileEncoding = 4; lastKnownFileType = sourcecode.c.objc; path = ASDCollectionViewModel.m; sourceTree = "<group>"; };
		310425581C51DB44007E3D81 /* ASDWaterFlowLayout.h */ = {isa = PBXFileReference; fileEncoding = 4; lastKnownFileType = sourcecode.c.h; path = ASDWaterFlowLayout.h; sourceTree = "<group>"; };
		310425591C51DB44007E3D81 /* ASDWaterFlowLayout.m */ = {isa = PBXFileReference; fileEncoding = 4; lastKnownFileType = sourcecode.c.objc; path = ASDWaterFlowLayout.m; sourceTree = "<group>"; };
/* End PBXFileReference section */

/* Begin PBXFrameworksBuildPhase section */
		310425321C5127F8007E3D81 /* Frameworks */ = {
			isa = PBXFrameworksBuildPhase;
			buildActionMask = 2147483647;
			files = (
			);
			runOnlyForDeploymentPostprocessing = 0;
		};
/* End PBXFrameworksBuildPhase section */

/* Begin PBXGroup section */
		3104252C1C5127F8007E3D81 = {
			isa = PBXGroup;
			children = (
				310425371C5127F8007E3D81 /* AsyncDisplayKitDemo */,
				310425361C5127F8007E3D81 /* Products */,
			);
			sourceTree = "<group>";
		};
		310425361C5127F8007E3D81 /* Products */ = {
			isa = PBXGroup;
			children = (
				310425351C5127F8007E3D81 /* AsyncDisplayKitDemo.app */,
			);
			name = Products;
			sourceTree = "<group>";
		};
		310425371C5127F8007E3D81 /* AsyncDisplayKitDemo */ = {
			isa = PBXGroup;
			children = (
				3104253B1C5127F8007E3D81 /* AppDelegate.h */,
				3104253C1C5127F8007E3D81 /* AppDelegate.m */,
				3104253E1C5127F8007E3D81 /* MasterViewController.h */,
				3104253F1C5127F8007E3D81 /* MasterViewController.m */,
				310425411C5127F8007E3D81 /* DetailViewController.h */,
				310425421C5127F8007E3D81 /* DetailViewController.m */,
				310425521C512CB9007E3D81 /* ASDCollectionViewCell.h */,
				310425531C512CB9007E3D81 /* ASDCollectionViewCell.m */,
				310425581C51DB44007E3D81 /* ASDWaterFlowLayout.h */,
				310425591C51DB44007E3D81 /* ASDWaterFlowLayout.m */,
				310425551C512EA7007E3D81 /* ASDCollectionViewModel.h */,
				310425561C512EA7007E3D81 /* ASDCollectionViewModel.m */,
				310425441C5127F8007E3D81 /* Main.storyboard */,
				310425471C5127F8007E3D81 /* Assets.xcassets */,
				310425491C5127F8007E3D81 /* LaunchScreen.storyboard */,
				3104254C1C5127F8007E3D81 /* Info.plist */,
				310425381C5127F8007E3D81 /* Supporting Files */,
			);
			path = AsyncDisplayKitDemo;
			sourceTree = "<group>";
		};
		310425381C5127F8007E3D81 /* Supporting Files */ = {
			isa = PBXGroup;
			children = (
				310425391C5127F8007E3D81 /* main.m */,
			);
			name = "Supporting Files";
			sourceTree = "<group>";
		};
/* End PBXGroup section */

/* Begin PBXNativeTarget section */
		310425341C5127F8007E3D81 /* AsyncDisplayKitDemo */ = {
			isa = PBXNativeTarget;
			buildConfigurationList = 3104254F1C5127F8007E3D81 /* Build configuration list for PBXNativeTarget "AsyncDisplayKitDemo" */;
			buildPhases = (
				310425311C5127F8007E3D81 /* Sources */,
				310425321C5127F8007E3D81 /* Frameworks */,
				310425331C5127F8007E3D81 /* Resources */,
			);
			buildRules = (
			);
			dependencies = (
			);
			name = AsyncDisplayKitDemo;
			productName = AsyncDisplayKitDemo;
			productReference = 310425351C5127F8007E3D81 /* AsyncDisplayKitDemo.app */;
			productType = "com.apple.product-type.application";
		};
/* End PBXNativeTarget section */

/* Begin PBXProject section */
		3104252D1C5127F8007E3D81 /* Project object */ = {
			isa = PBXProject;
			attributes = {
				LastUpgradeCheck = 0720;
				ORGANIZATIONNAME = yixiaoluo;
				TargetAttributes = {
					310425341C5127F8007E3D81 = {
						CreatedOnToolsVersion = 7.2;
					};
				};
			};
			buildConfigurationList = 310425301C5127F8007E3D81 /* Build configuration list for PBXProject "AsyncDisplayKitDemo" */;
			compatibilityVersion = "Xcode 3.2";
			developmentRegion = English;
			hasScannedForEncodings = 0;
			knownRegions = (
				en,
				Base,
			);
			mainGroup = 3104252C1C5127F8007E3D81;
			productRefGroup = 310425361C5127F8007E3D81 /* Products */;
			projectDirPath = "";
			projectRoot = "";
			targets = (
				310425341C5127F8007E3D81 /* AsyncDisplayKitDemo */,
			);
		};
/* End PBXProject section */

/* Begin PBXResourcesBuildPhase section */
		310425331C5127F8007E3D81 /* Resources */ = {
			isa = PBXResourcesBuildPhase;
			buildActionMask = 2147483647;
			files = (
				3104254B1C5127F8007E3D81 /* LaunchScreen.storyboard in Resources */,
				310425481C5127F8007E3D81 /* Assets.xcassets in Resources */,
				310425461C5127F8007E3D81 /* Main.storyboard in Resources */,
			);
			runOnlyForDeploymentPostprocessing = 0;
		};
/* End PBXResourcesBuildPhase section */

/* Begin PBXSourcesBuildPhase section */
		310425311C5127F8007E3D81 /* Sources */ = {
			isa = PBXSourcesBuildPhase;
			buildActionMask = 2147483647;
			files = (
				3104253D1C5127F8007E3D81 /* AppDelegate.m in Sources */,
				310425401C5127F8007E3D81 /* MasterViewController.m in Sources */,
				3104255A1C51DB44007E3D81 /* ASDWaterFlowLayout.m in Sources */,
				310425541C512CB9007E3D81 /* ASDCollectionViewCell.m in Sources */,
				310425571C512EA7007E3D81 /* ASDCollectionViewModel.m in Sources */,
				3104253A1C5127F8007E3D81 /* main.m in Sources */,
				310425431C5127F8007E3D81 /* DetailViewController.m in Sources */,
			);
			runOnlyForDeploymentPostprocessing = 0;
		};
/* End PBXSourcesBuildPhase section */

/* Begin PBXVariantGroup section */
		310425441C5127F8007E3D81 /* Main.storyboard */ = {
			isa = PBXVariantGroup;
			children = (
				310425451C5127F8007E3D81 /* Base */,
			);
			name = Main.storyboard;
			sourceTree = "<group>";
		};
		310425491C5127F8007E3D81 /* LaunchScreen.storyboard */ = {
			isa = PBXVariantGroup;
			children = (
				3104254A1C5127F8007E3D81 /* Base */,
			);
			name = LaunchScreen.storyboard;
			sourceTree = "<group>";
		};
/* End PBXVariantGroup section */

/* Begin XCBuildConfiguration section */
		3104254D1C5127F8007E3D81 /* Debug */ = {
			isa = XCBuildConfiguration;
			buildSettings = {
				ALWAYS_SEARCH_USER_PATHS = NO;
				CLANG_CXX_LANGUAGE_STANDARD = "gnu++0x";
				CLANG_CXX_LIBRARY = "libc++";
				CLANG_ENABLE_MODULES = YES;
				CLANG_ENABLE_OBJC_ARC = YES;
				CLANG_WARN_BOOL_CONVERSION = YES;
				CLANG_WARN_CONSTANT_CONVERSION = YES;
				CLANG_WARN_DIRECT_OBJC_ISA_USAGE = YES_ERROR;
				CLANG_WARN_EMPTY_BODY = YES;
				CLANG_WARN_ENUM_CONVERSION = YES;
				CLANG_WARN_INT_CONVERSION = YES;
				CLANG_WARN_OBJC_ROOT_CLASS = YES_ERROR;
				CLANG_WARN_UNREACHABLE_CODE = YES;
				CLANG_WARN__DUPLICATE_METHOD_MATCH = YES;
				"CODE_SIGN_IDENTITY[sdk=iphoneos*]" = "iPhone Developer";
				COPY_PHASE_STRIP = NO;
				DEBUG_INFORMATION_FORMAT = dwarf;
				ENABLE_STRICT_OBJC_MSGSEND = YES;
				ENABLE_TESTABILITY = YES;
				GCC_C_LANGUAGE_STANDARD = gnu99;
				GCC_DYNAMIC_NO_PIC = NO;
				GCC_NO_COMMON_BLOCKS = YES;
				GCC_OPTIMIZATION_LEVEL = 0;
				GCC_PREPROCESSOR_DEFINITIONS = (
					"DEBUG=1",
					"$(inherited)",
				);
				GCC_WARN_64_TO_32_BIT_CONVERSION = YES;
				GCC_WARN_ABOUT_RETURN_TYPE = YES_ERROR;
				GCC_WARN_UNDECLARED_SELECTOR = YES;
				GCC_WARN_UNINITIALIZED_AUTOS = YES_AGGRESSIVE;
				GCC_WARN_UNUSED_FUNCTION = YES;
				GCC_WARN_UNUSED_VARIABLE = YES;
				IPHONEOS_DEPLOYMENT_TARGET = 9.2;
				MTL_ENABLE_DEBUG_INFO = YES;
				ONLY_ACTIVE_ARCH = YES;
				SDKROOT = iphoneos;
				TARGETED_DEVICE_FAMILY = "1,2";
			};
			name = Debug;
		};
		3104254E1C5127F8007E3D81 /* Release */ = {
			isa = XCBuildConfiguration;
			buildSettings = {
				ALWAYS_SEARCH_USER_PATHS = NO;
				CLANG_CXX_LANGUAGE_STANDARD = "gnu++0x";
				CLANG_CXX_LIBRARY = "libc++";
				CLANG_ENABLE_MODULES = YES;
				CLANG_ENABLE_OBJC_ARC = YES;
				CLANG_WARN_BOOL_CONVERSION = YES;
				CLANG_WARN_CONSTANT_CONVERSION = YES;
				CLANG_WARN_DIRECT_OBJC_ISA_USAGE = YES_ERROR;
				CLANG_WARN_EMPTY_BODY = YES;
				CLANG_WARN_ENUM_CONVERSION = YES;
				CLANG_WARN_INT_CONVERSION = YES;
				CLANG_WARN_OBJC_ROOT_CLASS = YES_ERROR;
				CLANG_WARN_UNREACHABLE_CODE = YES;
				CLANG_WARN__DUPLICATE_METHOD_MATCH = YES;
				"CODE_SIGN_IDENTITY[sdk=iphoneos*]" = "iPhone Developer";
				COPY_PHASE_STRIP = NO;
				DEBUG_INFORMATION_FORMAT = "dwarf-with-dsym";
				ENABLE_NS_ASSERTIONS = NO;
				ENABLE_STRICT_OBJC_MSGSEND = YES;
				GCC_C_LANGUAGE_STANDARD = gnu99;
				GCC_NO_COMMON_BLOCKS = YES;
				GCC_WARN_64_TO_32_BIT_CONVERSION = YES;
				GCC_WARN_ABOUT_RETURN_TYPE = YES_ERROR;
				GCC_WARN_UNDECLARED_SELECTOR = YES;
				GCC_WARN_UNINITIALIZED_AUTOS = YES_AGGRESSIVE;
				GCC_WARN_UNUSED_FUNCTION = YES;
				GCC_WARN_UNUSED_VARIABLE = YES;
				IPHONEOS_DEPLOYMENT_TARGET = 9.2;
				MTL_ENABLE_DEBUG_INFO = NO;
				SDKROOT = iphoneos;
				TARGETED_DEVICE_FAMILY = "1,2";
				VALIDATE_PRODUCT = YES;
			};
			name = Release;
		};
		310425501C5127F8007E3D81 /* Debug */ = {
			isa = XCBuildConfiguration;
			buildSettings = {
				ASSETCATALOG_COMPILER_APPICON_NAME = AppIcon;
				INFOPLIST_FILE = AsyncDisplayKitDemo/Info.plist;
				LD_RUNPATH_SEARCH_PATHS = "$(inherited) @executable_path/Frameworks";
				PRODUCT_BUNDLE_IDENTIFIER = ADK.AsyncDisplayKitDemo;
				PRODUCT_NAME = "$(TARGET_NAME)";
			};
			name = Debug;
		};
		310425511C5127F8007E3D81 /* Release */ = {
			isa = XCBuildConfiguration;
			buildSettings = {
				ASSETCATALOG_COMPILER_APPICON_NAME = AppIcon;
				INFOPLIST_FILE = AsyncDisplayKitDemo/Info.plist;
				LD_RUNPATH_SEARCH_PATHS = "$(inherited) @executable_path/Frameworks";
				PRODUCT_BUNDLE_IDENTIFIER = ADK.AsyncDisplayKitDemo;
				PRODUCT_NAME = "$(TARGET_NAME)";
			};
			name = Release;
		};
/* End XCBuildConfiguration section */

/* Begin XCConfigurationList section */
		310425301C5127F8007E3D81 /* Build configuration list for PBXProject "AsyncDisplayKitDemo" */ = {
			isa = XCConfigurationList;
			buildConfigurations = (
				3104254D1C5127F8007E3D81 /* Debug */,
				3104254E1C5127F8007E3D81 /* Release */,
			);
			defaultConfigurationIsVisible = 0;
			defaultConfigurationName = Release;
		};
		3104254F1C5127F8007E3D81 /* Build configuration list for PBXNativeTarget "AsyncDisplayKitDemo" */ = {
			isa = XCConfigurationList;
			buildConfigurations = (
				310425501C5127F8007E3D81 /* Debug */,
				310425511C5127F8007E3D81 /* Release */,
			);
			defaultConfigurationIsVisible = 0;
		};
/* End XCConfigurationList section */
	};
	rootObject = 3104252D1C5127F8007E3D81 /* Project object */;
}
